# THIS IS AN AUTOGENERATED FILE. DO NOT EDIT THIS FILE DIRECTLY.
# yarn lockfile v1


"@prisma/client@^6.1.0":
  version "6.1.0"
  resolved "https://registry.npmjs.org/@prisma/client/-/client-6.1.0.tgz"
  integrity sha512-AbQYc5+EJKm1Ydfq3KxwcGiy7wIbm4/QbjCKWWoNROtvy7d6a3gmAGkKjK0iUCzh+rHV8xDhD5Cge8ke/kiy5Q==

"@prisma/debug@6.1.0":
  version "6.1.0"
  resolved "https://registry.npmjs.org/@prisma/debug/-/debug-6.1.0.tgz"
  integrity sha512-0himsvcM4DGBTtvXkd2Tggv6sl2JyUYLzEGXXleFY+7Kp6rZeSS3hiTW9mwtUlXrwYbJP6pwlVNB7jYElrjWUg==

"@prisma/engines-version@6.1.0-21.11f085a2012c0f4778414c8db2651556ee0ef959":
  version "6.1.0-21.11f085a2012c0f4778414c8db2651556ee0ef959"
  resolved "https://registry.npmjs.org/@prisma/engines-version/-/engines-version-6.1.0-21.11f085a2012c0f4778414c8db2651556ee0ef959.tgz"
  integrity sha512-PdJqmYM2Fd8K0weOOtQThWylwjsDlTig+8Pcg47/jszMuLL9iLIaygC3cjWJLda69siRW4STlCTMSgOjZzvKPQ==

"@prisma/engines@6.1.0":
  version "6.1.0"
  resolved "https://registry.npmjs.org/@prisma/engines/-/engines-6.1.0.tgz"
  integrity sha512-GnYJbCiep3Vyr1P/415ReYrgJUjP79fBNc1wCo7NP6Eia0CzL2Ot9vK7Infczv3oK7JLrCcawOSAxFxNFsAERQ==
  dependencies:
    "@prisma/debug" "6.1.0"
    "@prisma/engines-version" "6.1.0-21.11f085a2012c0f4778414c8db2651556ee0ef959"
    "@prisma/fetch-engine" "6.1.0"
    "@prisma/get-platform" "6.1.0"

"@prisma/fetch-engine@6.1.0":
  version "6.1.0"
  resolved "https://registry.npmjs.org/@prisma/fetch-engine/-/fetch-engine-6.1.0.tgz"
  integrity sha512-asdFi7TvPlEZ8CzSZ/+Du5wZ27q6OJbRSXh+S8ISZguu+S9KtS/gP7NeXceZyb1Jv1SM1S5YfiCv+STDsG6rrg==
  dependencies:
    "@prisma/debug" "6.1.0"
    "@prisma/engines-version" "6.1.0-21.11f085a2012c0f4778414c8db2651556ee0ef959"
    "@prisma/get-platform" "6.1.0"

"@prisma/get-platform@6.1.0":
  version "6.1.0"
  resolved "https://registry.npmjs.org/@prisma/get-platform/-/get-platform-6.1.0.tgz"
  integrity sha512-ia8bNjboBoHkmKGGaWtqtlgQOhCi7+f85aOkPJKgNwWvYrT6l78KgojLekE8zMhVk0R9lWcifV0Pf8l3/15V0Q==
  dependencies:
    "@prisma/debug" "6.1.0"

"@types/node@^22.10.5":
  version "22.10.5"
  resolved "https://registry.npmjs.org/@types/node/-/node-22.10.5.tgz"
  integrity sha512-F8Q+SeGimwOo86fiovQh8qiXfFEh2/ocYv7tU5pJ3EXMSSxk1Joj5wefpFK2fHTf/N6HKGSxIDBT9f3gCxXPkQ==
  dependencies:
    undici-types "~6.20.0"

prisma@*, prisma@^6.1.0:
  version "6.1.0"
  resolved "https://registry.npmjs.org/prisma/-/prisma-6.1.0.tgz"
  integrity sha512-aFI3Yi+ApUxkwCJJwyQSwpyzUX7YX3ihzuHNHOyv4GJg3X5tQsmRaJEnZ+ZyfHpMtnyahhmXVfbTZ+lS8ZtfKw==
  dependencies:
    "@prisma/engines" "6.1.0"
  optionalDependencies:
    fsevents "2.3.3"

typescript@^5.7.2:
  version "5.7.2"
  resolved "https://registry.npmjs.org/typescript/-/typescript-5.7.2.tgz"
  integrity sha512-i5t66RHxDvVN40HfDd1PsEThGNnlMCMT3jMUuoh9/0TaqWevNontacunWyN02LA9/fIbEWlcHZcgTKb9QoaLfg==

undici-types@~6.20.0:
  version "6.20.0"
  resolved "https://registry.npmjs.org/undici-types/-/undici-types-6.20.0.tgz"
  integrity sha512-Ny6QZ2Nju20vw1SRHe3d9jVu6gJ+4e3+MMpqu7pqE5HT6WsTSlce++GQmK5UXS8mzV8DSYHrQH+Xrf2jVcuKNg==
